
Microsoft Visual Studio Solution File, Format Version 12.00
# Visual Studio Version 17
VisualStudioVersion = 17.14.36301.6 d17.14
MinimumVisualStudioVersion = 10.0.40219.1
Project("{FAE04EC0-301F-11D3-BF4B-00C04F79EFBC}") = "Inputypes", "Inputypes.csproj", "{44EB942A-C933-414C-AE77-45C33D49CDD9}"
EndProject
Global
	GlobalSection(SolutionConfigurationPlatforms) = preSolution
		Debug|Any CPU = Debug|Any CPU
		Release|Any CPU = Release|Any CPU
	EndGlobalSection
	GlobalSection(ProjectConfigurationPlatforms) = postSolution
		{44EB942A-C933-414C-AE77-45C33D49CDD9}.Debug|Any CPU.ActiveCfg = Debug|Any CPU
		{44EB942A-C933-414C-AE77-45C33D49CDD9}.Debug|Any CPU.Build.0 = Debug|Any CPU
		{44EB942A-C933-414C-AE77-45C33D49CDD9}.Release|Any CPU.ActiveCfg = Release|Any CPU
		{44EB942A-C933-414C-AE77-45C33D49CDD9}.Release|Any CPU.Build.0 = Release|Any CPU
	EndGlobalSection
	GlobalSection(SolutionProperties) = preSolution
		HideSolutionNode = FALSE
	EndGlobalSection
	GlobalSection(ExtensibilityGlobals) = postSolution
		SolutionGuid = {C5661268-D99F-49A0-9006-99B606C91F2C}
	EndGlobalSection
EndGlobal
